
Microsoft Visual Studio Solution File, Format Version 12.00
# Visual Studio Version 17
VisualStudioVersion = 17.14.36518.9 d17.14
MinimumVisualStudioVersion = 10.0.40219.1
Project("{FAE04EC0-301F-11D3-BF4B-00C04F79EFBC}") = "WebQLThiTracNghiem", "WebQLThiTracNghiem\WebQLThiTracNghiem.csproj", "{AA3CC681-9898-45DE-BCDF-C06FC17A20AA}"
EndProject
Global
	GlobalSection(SolutionConfigurationPlatforms) = preSolution
		Debug|Any CPU = Debug|Any CPU
		Release|Any CPU = Release|Any CPU
	EndGlobalSection
	GlobalSection(ProjectConfigurationPlatforms) = postSolution
		{AA3CC681-9898-45DE-BCDF-C06FC17A20AA}.Debug|Any CPU.ActiveCfg = Debug|Any CPU
		{AA3CC681-9898-45DE-BCDF-C06FC17A20AA}.Debug|Any CPU.Build.0 = Debug|Any CPU
		{AA3CC681-9898-45DE-BCDF-C06FC17A20AA}.Release|Any CPU.ActiveCfg = Release|Any CPU
		{AA3CC681-9898-45DE-BCDF-C06FC17A20AA}.Release|Any CPU.Build.0 = Release|Any CPU
	EndGlobalSection
	GlobalSection(SolutionProperties) = preSolution
		HideSolutionNode = FALSE
	EndGlobalSection
	GlobalSection(ExtensibilityGlobals) = postSolution
		SolutionGuid = {8858EC71-8F90-4107-BDB1-809544B95B7B}
	EndGlobalSection
EndGlobal
